// !$*UTF8*$!
{
	archiveVersion = 1;
	classes = {
	};
	objectVersion = 46;
	objects = {

/* Begin PBXBuildFile section */
		14249D4F1664B4D0008585B5 /* UIKit.framework in Frameworks */ = {isa = PBXBuildFile; fileRef = 14249D4E1664B4D0008585B5 /* UIKit.framework */; };
		14249D511664B4D0008585B5 /* Foundation.framework in Frameworks */ = {isa = PBXBuildFile; fileRef = 14249D501664B4D0008585B5 /* Foundation.framework */; };
		14249D531664B4D0008585B5 /* CoreGraphics.framework in Frameworks */ = {isa = PBXBuildFile; fileRef = 14249D521664B4D0008585B5 /* CoreGraphics.framework */; };
		14249D591664B4D0008585B5 /* InfoPlist.strings in Resources */ = {isa = PBXBuildFile; fileRef = 14249D571664B4D0008585B5 /* InfoPlist.strings */; };
		14249D5B1664B4D0008585B5 /* main.m in Sources */ = {isa = PBXBuildFile; fileRef = 14249D5A1664B4D0008585B5 /* main.m */; };
		14249D5F1664B4D0008585B5 /* AppDelegate.m in Sources */ = {isa = PBXBuildFile; fileRef = 14249D5E1664B4D0008585B5 /* AppDelegate.m */; };
		14249D611664B4D0008585B5 /* Default.png in Resources */ = {isa = PBXBuildFile; fileRef = 14249D601664B4D0008585B5 /* Default.png */; };
		14249D631664B4D0008585B5 /* Default@2x.png in Resources */ = {isa = PBXBuildFile; fileRef = 14249D621664B4D0008585B5 /* Default@2x.png */; };
		14249D651664B4D0008585B5 /* Default-568h@2x.png in Resources */ = {isa = PBXBuildFile; fileRef = 14249D641664B4D0008585B5 /* Default-568h@2x.png */; };
		14249D681664B4D0008585B5 /* MainStoryboard_iPhone.storyboard in Resources */ = {isa = PBXBuildFile; fileRef = 14249D661664B4D0008585B5 /* MainStoryboard_iPhone.storyboard */; };
		14249D6B1664B4D0008585B5 /* MainStoryboard_iPad.storyboard in Resources */ = {isa = PBXBuildFile; fileRef = 14249D691664B4D0008585B5 /* MainStoryboard_iPad.storyboard */; };
		14249D6E1664B4D0008585B5 /* ViewController.m in Sources */ = {isa = PBXBuildFile; fileRef = 14249D6D1664B4D0008585B5 /* ViewController.m */; };
/* End PBXBuildFile section */

/* Begin PBXFileReference section */
		14249D4A1664B4D0008585B5 /* MyFirstApp.app */ = {isa = PBXFileReference; explicitFileType = wrapper.application; includeInIndex = 0; path = MyFirstApp.app; sourceTree = BUILT_PRODUCTS_DIR; };
		14249D4E1664B4D0008585B5 /* UIKit.framework */ = {isa = PBXFileReference; lastKnownFileType = wrapper.framework; name = UIKit.framework; path = System/Library/Frameworks/UIKit.framework; sourceTree = SDKROOT; };
		14249D501664B4D0008585B5 /* Foundation.framework */ = {isa = PBXFileReference; lastKnownFileType = wrapper.framework; name = Foundation.framework; path = System/Library/Frameworks/Foundation.framework; sourceTree = SDKROOT; };
		14249D521664B4D0008585B5 /* CoreGraphics.framework */ = {isa = PBXFileReference; lastKnownFileType = wrapper.framework; name = CoreGraphics.framework; path = System/Library/Frameworks/CoreGraphics.framework; sourceTree = SDKROOT; };
		14249D561664B4D0008585B5 /* MyFirstApp-Info.plist */ = {isa = PBXFileReference; lastKnownFileType = text.plist.xml; path = "MyFirstApp-Info.plist"; sourceTree = "<group>"; };
		14249D581664B4D0008585B5 /* en */ = {isa = PBXFileReference; lastKnownFileType = text.plist.strings; name = en; path = en.lproj/InfoPlist.strings; sourceTree = "<group>"; };
		14249D5A1664B4D0008585B5 /* main.m */ = {isa = PBXFileReference; lastKnownFileType = sourcecode.c.objc; path = main.m; sourceTree = "<group>"; };
		14249D5C1664B4D0008585B5 /* MyFirstApp-Prefix.pch */ = {isa = PBXFileReference; lastKnownFileType = sourcecode.c.h; path = "MyFirstApp-Prefix.pch"; sourceTree = "<group>"; };
		14249D5D1664B4D0008585B5 /* AppDelegate.h */ = {isa = PBXFileReference; lastKnownFileType = sourcecode.c.h; path = AppDelegate.h; sourceTree = "<group>"; };
		14249D5E1664B4D0008585B5 /* AppDelegate.m */ = {isa = PBXFileReference; lastKnownFileType = sourcecode.c.objc; path = AppDelegate.m; sourceTree = "<group>"; };
		14249D601664B4D0008585B5 /* Default.png */ = {isa = PBXFileReference; lastKnownFileType = image.png; path = Default.png; sourceTree = "<group>"; };
		14249D621664B4D0008585B5 /* Default@2x.png */ = {isa = PBXFileReference; lastKnownFileType = image.png; path = "Default@2x.png"; sourceTree = "<group>"; };
		14249D641664B4D0008585B5 /* Default-568h@2x.png */ = {isa = PBXFileReference; lastKnownFileType = image.png; path = "Default-568h@2x.png"; sourceTree = "<group>"; };
		14249D671664B4D0008585B5 /* en */ = {isa = PBXFileReference; lastKnownFileType = file.storyboard; name = en; path = en.lproj/MainStoryboard_iPhone.storyboard; sourceTree = "<group>"; };
		14249D6A1664B4D0008585B5 /* en */ = {isa = PBXFileReference; lastKnownFileType = file.storyboard; name = en; path = en.lproj/MainStoryboard_iPad.storyboard; sourceTree = "<group>"; };
		14249D6C1664B4D0008585B5 /* ViewController.h */ = {isa = PBXFileReference; lastKnownFileType = sourcecode.c.h; path = ViewController.h; sourceTree = "<group>"; };
		14249D6D1664B4D0008585B5 /* ViewController.m */ = {isa = PBXFileReference; lastKnownFileType = sourcecode.c.objc; path = ViewController.m; sourceTree = "<group>"; };
/* End PBXFileReference section */

/* Begin PBXFrameworksBuildPhase section */
		14249D471664B4D0008585B5 /* Frameworks */ = {
			isa = PBXFrameworksBuildPhase;
			buildActionMask = 2147483647;
			files = (
				14249D4F1664B4D0008585B5 /* UIKit.framework in Frameworks */,
				14249D511664B4D0008585B5 /* Foundation.framework in Frameworks */,
				14249D531664B4D0008585B5 /* CoreGraphics.framework in Frameworks */,
			);
			runOnlyForDeploymentPostprocessing = 0;
		};
/* End PBXFrameworksBuildPhase section */

/* Begin PBXGroup section */
		14249D3F1664B4D0008585B5 = {
			isa = PBXGroup;
			children = (
				14249D541664B4D0008585B5 /* MyFirstApp */,
				14249D4D1664B4D0008585B5 /* Frameworks */,
				14249D4B1664B4D0008585B5 /* Products */,
			);
			sourceTree = "<group>";
		};
		14249D4B1664B4D0008585B5 /* Products */ = {
			isa = PBXGroup;
			children = (
				14249D4A1664B4D0008585B5 /* MyFirstApp.app */,
			);
			name = Products;
			sourceTree = "<group>";
		};
		14249D4D1664B4D0008585B5 /* Frameworks */ = {
			isa = PBXGroup;
			children = (
				14249D4E1664B4D0008585B5 /* UIKit.framework */,
				14249D501664B4D0008585B5 /* Foundation.framework */,
				14249D521664B4D0008585B5 /* CoreGraphics.framework */,
			);
			name = Frameworks;
			sourceTree = "<group>";
		};
		14249D541664B4D0008585B5 /* MyFirstApp */ = {
			isa = PBXGroup;
			children = (
				14249D5D1664B4D0008585B5 /* AppDelegate.h */,
				14249D5E1664B4D0008585B5 /* AppDelegate.m */,
				14249D661664B4D0008585B5 /* MainStoryboard_iPhone.storyboard */,
				14249D691664B4D0008585B5 /* MainStoryboard_iPad.storyboard */,
				14249D6C1664B4D0008585B5 /* ViewController.h */,
				14249D6D1664B4D0008585B5 /* ViewController.m */,
				14249D551664B4D0008585B5 /* Supporting Files */,
			);
			path = MyFirstApp;
			sourceTree = "<group>";
		};
		14249D551664B4D0008585B5 /* Supporting Files */ = {
			isa = PBXGroup;
			children = (
				14249D561664B4D0008585B5 /* MyFirstApp-Info.plist */,
				14249D571664B4D0008585B5 /* InfoPlist.strings */,
				14249D5A1664B4D0008585B5 /* main.m */,
				14249D5C1664B4D0008585B5 /* MyFirstApp-Prefix.pch */,
				14249D601664B4D0008585B5 /* Default.png */,
				14249D621664B4D0008585B5 /* Default@2x.png */,
				14249D641664B4D0008585B5 /* Default-568h@2x.png */,
			);
			name = "Supporting Files";
			sourceTree = "<group>";
		};
/* End PBXGroup section */

/* Begin PBXNativeTarget section */
		14249D491664B4D0008585B5 /* MyFirstApp */ = {
			isa = PBXNativeTarget;
			buildConfigurationList = 14249D711664B4D0008585B5 /* Build configuration list for PBXNativeTarget "MyFirstApp" */;
			buildPhases = (
				14249D461664B4D0008585B5 /* Sources */,
				14249D471664B4D0008585B5 /* Frameworks */,
				14249D481664B4D0008585B5 /* Resources */,
			);
			buildRules = (
			);
			dependencies = (
			);
			name = MyFirstApp;
			productName = MyFirstApp;
			productReference = 14249D4A1664B4D0008585B5 /* MyFirstApp.app */;
			productType = "com.apple.product-type.application";
		};
/* End PBXNativeTarget section */

/* Begin PBXProject section */
		14249D411664B4D0008585B5 /* Project object */ = {
			isa = PBXProject;
			attributes = {
				LastUpgradeCheck = 0450;
				ORGANIZATIONNAME = "LIAN YOU";
			};
			buildConfigurationList = 14249D441664B4D0008585B5 /* Build configuration list for PBXProject "MyFirstApp" */;
			compatibilityVersion = "Xcode 3.2";
			developmentRegion = English;
			hasScannedForEncodings = 0;
			knownRegions = (
				en,
			);
			mainGroup = 14249D3F1664B4D0008585B5;
			productRefGroup = 14249D4B1664B4D0008585B5 /* Products */;
			projectDirPath = "";
			projectRoot = "";
			targets = (
				14249D491664B4D0008585B5 /* MyFirstApp */,
			);
		};
/* End PBXProject section */

/* Begin PBXResourcesBuildPhase section */
		14249D481664B4D0008585B5 /* Resources */ = {
			isa = PBXResourcesBuildPhase;
			buildActionMask = 2147483647;
			files = (
				14249D591664B4D0008585B5 /* InfoPlist.strings in Resources */,
				14249D611664B4D0008585B5 /* Default.png in Resources */,
				14249D631664B4D0008585B5 /* Default@2x.png in Resources */,
				14249D651664B4D0008585B5 /* Default-568h@2x.png in Resources */,
				14249D681664B4D0008585B5 /* MainStoryboard_iPhone.storyboard in Resources */,
				14249D6B1664B4D0008585B5 /* MainStoryboard_iPad.storyboard in Resources */,
			);
			runOnlyForDeploymentPostprocessing = 0;
		};
/* End PBXResourcesBuildPhase section */

/* Begin PBXSourcesBuildPhase section */
		14249D461664B4D0008585B5 /* Sources */ = {
			isa = PBXSourcesBuildPhase;
			buildActionMask = 2147483647;
			files = (
				14249D5B1664B4D0008585B5 /* main.m in Sources */,
				14249D5F1664B4D0008585B5 /* AppDelegate.m in Sources */,
				14249D6E1664B4D0008585B5 /* ViewController.m in Sources */,
			);
			runOnlyForDeploymentPostprocessing = 0;
		};
/* End PBXSourcesBuildPhase section */

/* Begin PBXVariantGroup section */
		14249D571664B4D0008585B5 /* InfoPlist.strings */ = {
			isa = PBXVariantGroup;
			children = (
				14249D581664B4D0008585B5 /* en */,
			);
			name = InfoPlist.strings;
			sourceTree = "<group>";
		};
		14249D661664B4D0008585B5 /* MainStoryboard_iPhone.storyboard */ = {
			isa = PBXVariantGroup;
			children = (
				14249D671664B4D0008585B5 /* en */,
			);
			name = MainStoryboard_iPhone.storyboard;
			sourceTree = "<group>";
		};
		14249D691664B4D0008585B5 /* MainStoryboard_iPad.storyboard */ = {
			isa = PBXVariantGroup;
			children = (
				14249D6A1664B4D0008585B5 /* en */,
			);
			name = MainStoryboard_iPad.storyboard;
			sourceTree = "<group>";
		};
/* End PBXVariantGroup section */

/* Begin XCBuildConfiguration section */
		14249D6F1664B4D0008585B5 /* Debug */ = {
			isa = XCBuildConfiguration;
			buildSettings = {
				ALWAYS_SEARCH_USER_PATHS = NO;
				CLANG_CXX_LANGUAGE_STANDARD = "gnu++0x";
				CLANG_CXX_LIBRARY = "libc++";
				CLANG_WARN_EMPTY_BODY = YES;
				CLANG_WARN__DUPLICATE_METHOD_MATCH = YES;
				"CODE_SIGN_IDENTITY[sdk=iphoneos*]" = "iPhone Developer: Bao Li (69K35J58JN)";
				COPY_PHASE_STRIP = NO;
				GCC_C_LANGUAGE_STANDARD = gnu99;
				GCC_DYNAMIC_NO_PIC = NO;
				GCC_OPTIMIZATION_LEVEL = 0;
				GCC_PREPROCESSOR_DEFINITIONS = (
					"DEBUG=1",
					"$(inherited)",
				);
				GCC_SYMBOLS_PRIVATE_EXTERN = NO;
				GCC_WARN_ABOUT_RETURN_TYPE = YES;
				GCC_WARN_UNINITIALIZED_AUTOS = YES;
				GCC_WARN_UNUSED_VARIABLE = YES;
				IPHONEOS_DEPLOYMENT_TARGET = 6.0;
				ONLY_ACTIVE_ARCH = YES;
				"PROVISIONING_PROFILE[sdk=iphoneos*]" = "";
				SDKROOT = iphoneos;
				TARGETED_DEVICE_FAMILY = "1,2";
			};
			name = Debug;
		};
		14249D701664B4D0008585B5 /* Release */ = {
			isa = XCBuildConfiguration;
			buildSettings = {
				ALWAYS_SEARCH_USER_PATHS = NO;
				CLANG_CXX_LANGUAGE_STANDARD = "gnu++0x";
				CLANG_CXX_LIBRARY = "libc++";
				CLANG_WARN_EMPTY_BODY = YES;
				CLANG_WARN__DUPLICATE_METHOD_MATCH = YES;
				"CODE_SIGN_IDENTITY[sdk=iphoneos*]" = "iPhone Developer: Bao Li (69K35J58JN)";
				COPY_PHASE_STRIP = YES;
				GCC_C_LANGUAGE_STANDARD = gnu99;
				GCC_WARN_ABOUT_RETURN_TYPE = YES;
				GCC_WARN_UNINITIALIZED_AUTOS = YES;
				GCC_WARN_UNUSED_VARIABLE = YES;
				IPHONEOS_DEPLOYMENT_TARGET = 6.0;
				OTHER_CFLAGS = "-DNS_BLOCK_ASSERTIONS=1";
				"PROVISIONING_PROFILE[sdk=iphoneos*]" = "";
				SDKROOT = iphoneos;
				TARGETED_DEVICE_FAMILY = "1,2";
				VALIDATE_PRODUCT = YES;
			};
			name = Release;
		};
		14249D721664B4D0008585B5 /* Debug */ = {
			isa = XCBuildConfiguration;
			buildSettings = {
				GCC_PRECOMPILE_PREFIX_HEADER = YES;
				GCC_PREFIX_HEADER = "MyFirstApp/MyFirstApp-Prefix.pch";
				INFOPLIST_FILE = "MyFirstApp/MyFirstApp-Info.plist";
				IPHONEOS_DEPLOYMENT_TARGET = 5.0;
				PRODUCT_NAME = "$(TARGET_NAME)";
				TARGETED_DEVICE_FAMILY = "1,2";
				WRAPPER_EXTENSION = app;
			};
			name = Debug;
		};
		14249D731664B4D0008585B5 /* Release */ = {
			isa = XCBuildConfiguration;
			buildSettings = {
				GCC_PRECOMPILE_PREFIX_HEADER = YES;
				GCC_PREFIX_HEADER = "MyFirstApp/MyFirstApp-Prefix.pch";
				INFOPLIST_FILE = "MyFirstApp/MyFirstApp-Info.plist";
				IPHONEOS_DEPLOYMENT_TARGET = 5.0;
				PRODUCT_NAME = "$(TARGET_NAME)";
				TARGETED_DEVICE_FAMILY = "1,2";
				WRAPPER_EXTENSION = app;
			};
			name = Release;
		};
/* End XCBuildConfiguration section */

/* Begin XCConfigurationList section */
		14249D441664B4D0008585B5 /* Build configuration list for PBXProject "MyFirstApp" */ = {
			isa = XCConfigurationList;
			buildConfigurations = (
				14249D6F1664B4D0008585B5 /* Debug */,
				14249D701664B4D0008585B5 /* Release */,
			);
			defaultConfigurationIsVisible = 0;
			defaultConfigurationName = Release;
		};
		14249D711664B4D0008585B5 /* Build configuration list for PBXNativeTarget "MyFirstApp" */ = {
			isa = XCConfigurationList;
			buildConfigurations = (
				14249D721664B4D0008585B5 /* Debug */,
				14249D731664B4D0008585B5 /* Release */,
			);
			defaultConfigurationIsVisible = 0;
			defaultConfigurationName = Release;
		};
/* End XCConfigurationList section */
	};
	rootObject = 14249D411664B4D0008585B5 /* Project object */;
}
